{
    "annotationProcessor": {
        "org.openjdk.jmh:jmh-generator-annprocess": {
            "locked": "1.37"
        },
        "org.projectlombok:lombok": {
            "locked": "1.18.30"
        }
    },
    "compileClasspath": {
        "org.openjdk.jmh:jmh-core": {
            "locked": "1.37"
        },
        "org.projectlombok:lombok": {
            "locked": "1.18.30"
        }
    },
    "jacocoAgent": {
        "org.jacoco:org.jacoco.agent": {
            "locked": "0.8.9"
        }
    },
    "jacocoAnt": {
        "org.jacoco:org.jacoco.ant": {
            "locked": "0.8.9"
        }
    },
    "lombok": {
        "org.projectlombok:lombok": {
            "locked": "1.18.30"
        }
    },
    "runtimeClasspath": {
        "org.openjdk.jmh:jmh-core": {
            "locked": "1.37"
        }
    },
    "testAnnotationProcessor": {
        "org.projectlombok:lombok": {
            "locked": "1.18.30"
        }
    },
    "testCompileClasspath": {
        "org.openjdk.jmh:jmh-core": {
            "locked": "1.37"
        },
        "org.projectlombok:lombok": {
            "locked": "1.18.30"
        }
    },
    "testRuntimeClasspath": {
        "org.openjdk.jmh:jmh-core": {
            "locked": "1.37"
        }
    }
}