{
    "annotationProcessor": {
        "org.projectlombok:lombok": {
            "locked": "1.18.30"
        }
    },
    "compileClasspath": {
        "org.projectlombok:lombok": {
            "locked": "1.18.30"
        }
    },
    "jacocoAgent": {
        "org.jacoco:org.jacoco.agent": {
            "locked": "0.8.9"
        }
    },
    "jacocoAnt": {
        "org.jacoco:org.jacoco.ant": {
            "locked": "0.8.9"
        }
    },
    "lombok": {
        "org.projectlombok:lombok": {
            "locked": "1.18.30"
        }
    },
    "testAnnotationProcessor": {
        "org.projectlombok:lombok": {
            "locked": "1.18.30"
        }
    },
    "testCompileClasspath": {
        "org.assertj:assertj-core": {
            "locked": "3.23.1"
        },
        "org.junit.jupiter:junit-jupiter": {
            "locked": "5.9.2"
        },
        "org.projectlombok:lombok": {
            "locked": "1.18.30"
        }
    },
    "testRuntimeClasspath": {
        "org.assertj:assertj-core": {
            "locked": "3.23.1"
        },
        "org.junit.jupiter:junit-jupiter": {
            "locked": "5.9.2"
        }
    }
}